{
  "lockfile_version": "1",
  "packages": {
    "antigen@latest": {
      "last_modified": "2024-02-10T18:15:24Z",
      "resolved": "github:NixOS/nixpkgs/10b813040df67c4039086db0f6eaf65c536886c6#antigen",
      "source": "devbox-search",
      "version": "2.2.3",
      "systems": {
        "x86_64-linux": {
          "store_path": "/nix/store/vilsnah5m48j7sr44dsffslaa382vqh6-antigen-2.2.3"
        }
      }
    },
    "awscli2@latest": {
      "last_modified": "2024-02-10T18:15:24Z",
      "resolved": "github:NixOS/nixpkgs/10b813040df67c4039086db0f6eaf65c536886c6#awscli2",
      "source": "devbox-search",
      "version": "2.15.15",
      "systems": {
        "aarch64-darwin": {
          "store_path": "/nix/store/4qdbj8r9pn0m01n8b9v4xf7invzr26qk-awscli2-2.15.15"
        },
        "aarch64-linux": {
          "store_path": "/nix/store/766gbn8dl8fbgvhb0s3wfshzj4phml06-awscli2-2.15.15"
        },
        "x86_64-darwin": {
          "store_path": "/nix/store/7b491gvpgddj6x2wkc9fgmhzzxqz91i0-awscli2-2.15.15"
        },
        "x86_64-linux": {
          "store_path": "/nix/store/lqbkv18hynjiwq2z4q11x6rif0d9ajl8-awscli2-2.15.15"
        }
      }
    },
    "azure-cli@latest": {
      "last_modified": "2024-02-13T17:33:50Z",
      "resolved": "github:NixOS/nixpkgs/dd7b7a8f7b2943862403e40972e67823058f3525#azure-cli",
      "source": "devbox-search",
      "version": "2.56.0",
      "systems": {
        "aarch64-darwin": {
          "store_path": "/nix/store/6c5spkv10ccrr16m2hj1lsfqpb2dhsy5-python3.11-azure-cli-2.56.0"
        },
        "aarch64-linux": {
          "store_path": "/nix/store/zglb4np07zlfnmwmpjbgiysbykg0i8af-python3.11-azure-cli-2.56.0"
        },
        "x86_64-darwin": {
          "store_path": "/nix/store/gvwkly2in0nnks52g7q6iym9xk9rc8a1-python3.11-azure-cli-2.56.0"
        },
        "x86_64-linux": {
          "store_path": "/nix/store/r0w81398bbmfkcng5g5dbqcr1145cvh3-python3.11-azure-cli-2.56.0"
        }
      }
    },
    "dive@latest": {
      "last_modified": "2024-02-15T12:53:33Z",
      "resolved": "github:NixOS/nixpkgs/085589047343aad800c4d305cf7b98e8a3d51ae2#dive",
      "source": "devbox-search",
      "version": "0.12.0",
      "systems": {
        "aarch64-darwin": {
          "store_path": "/nix/store/n7930l0q99b9s0x71gjabqcgcr30g4rf-dive-0.12.0"
        },
        "aarch64-linux": {
          "store_path": "/nix/store/6fihz1pv66h5akwn9d5p5z0fdyvpg70w-dive-0.12.0"
        },
        "x86_64-darwin": {
          "store_path": "/nix/store/s7sqqgym395i3zazgkgipgd6qvc8h8b5-dive-0.12.0"
        },
        "x86_64-linux": {
          "store_path": "/nix/store/jxsr95f6q0kbln2xrchjs2yib3hm7has-dive-0.12.0"
        }
      }
    },
    "dyff@latest": {
      "last_modified": "2024-02-10T18:15:24Z",
      "resolved": "github:NixOS/nixpkgs/10b813040df67c4039086db0f6eaf65c536886c6#dyff",
      "source": "devbox-search",
      "version": "1.6.0",
      "systems": {
        "aarch64-darwin": {
          "store_path": "/nix/store/fwxdr08p3vcg4hj38y3mm5iczyhfvfdr-dyff-1.6.0"
        },
        "aarch64-linux": {
          "store_path": "/nix/store/6gmbngn6g6wjsb63xy33r8j6mgi1rj1b-dyff-1.6.0"
        },
        "x86_64-darwin": {
          "store_path": "/nix/store/n0a95j48zl09yin57nb3q0y71ayirl91-dyff-1.6.0"
        },
        "x86_64-linux": {
          "store_path": "/nix/store/i9j9bbgkmbp6knajf5nl9in0rn0qdghy-dyff-1.6.0"
        }
      }
    },
    "fzf@latest": {
      "last_modified": "2024-02-10T18:15:24Z",
      "resolved": "github:NixOS/nixpkgs/10b813040df67c4039086db0f6eaf65c536886c6#fzf",
      "source": "devbox-search",
      "version": "0.46.1",
      "systems": {
        "aarch64-darwin": {
          "store_path": "/nix/store/m4i6x4669iys26rxy18gbs7y9nn92agf-fzf-0.46.1"
        },
        "aarch64-linux": {
          "store_path": "/nix/store/wjqsvq3phvd2c750idlzkq0ycga900fh-fzf-0.46.1"
        },
        "x86_64-darwin": {
          "store_path": "/nix/store/1px40fvckv31jxf9747p38r6pww7302i-fzf-0.46.1"
        },
        "x86_64-linux": {
          "store_path": "/nix/store/ip0giga22psik4h3faq7cpjlrd74ir5k-fzf-0.46.1"
        }
      }
    },
    "git-review@latest": {
      "last_modified": "2024-02-10T18:15:24Z",
      "resolved": "github:NixOS/nixpkgs/10b813040df67c4039086db0f6eaf65c536886c6#git-review",
      "source": "devbox-search",
      "version": "2.3.1",
      "systems": {
        "aarch64-darwin": {
          "store_path": "/nix/store/lrwy2ngbf5b3cka443y7mzzzy28mcjj9-git-review-2.3.1"
        },
        "aarch64-linux": {
          "store_path": "/nix/store/90ijjvmmhqmyddnvgkk4fzmilj1fgj43-git-review-2.3.1"
        },
        "x86_64-darwin": {
          "store_path": "/nix/store/mk2iw6faz3q11kxi34p2mns92fry7akg-git-review-2.3.1"
        },
        "x86_64-linux": {
          "store_path": "/nix/store/v795igyfqszbkqw5lssaw0v547w8ppk4-git-review-2.3.1"
        }
      }
    },
    "goreleaser@latest": {
      "last_modified": "2024-02-10T18:15:24Z",
      "resolved": "github:NixOS/nixpkgs/10b813040df67c4039086db0f6eaf65c536886c6#goreleaser",
      "source": "devbox-search",
      "version": "1.24.0",
      "systems": {
        "aarch64-darwin": {
          "store_path": "/nix/store/frshq0w0jrz4bby4lm0pq14aqgb0fasa-goreleaser-1.24.0"
        },
        "aarch64-linux": {
          "store_path": "/nix/store/zgfn91ay35yfdwzpyhidzfz2y84j1vz4-goreleaser-1.24.0"
        },
        "x86_64-darwin": {
          "store_path": "/nix/store/jy9zjl2p4vlb2qkrv6v79yg5r6ama2xf-goreleaser-1.24.0"
        },
        "x86_64-linux": {
          "store_path": "/nix/store/1dlhnz63jg1ca7w3aq62bchc7bbjyqig-goreleaser-1.24.0"
        }
      }
    },
    "helmfile@latest": {
      "last_modified": "2024-02-26T19:46:43Z",
      "resolved": "github:NixOS/nixpkgs/548a86b335d7ecd8b57ec617781f5e652ab0c38e#helmfile",
      "source": "devbox-search",
      "version": "0.161.0",
      "systems": {
        "aarch64-darwin": {
          "store_path": "/nix/store/7x8mnf4g5ncra4x4hlv8dsykfk95r586-helmfile-0.161.0"
        },
        "aarch64-linux": {
          "store_path": "/nix/store/x4rrfs81lkzrrsdwmy0h9bxcyd0f5wrv-helmfile-0.161.0"
        },
        "x86_64-darwin": {
          "store_path": "/nix/store/6rdxb410y44bb2kiq1dyr9p4c4xfkhkr-helmfile-0.161.0"
        },
        "x86_64-linux": {
          "store_path": "/nix/store/6dyp9mnlbnbnx16m7mn78p3px5jml7n5-helmfile-0.161.0"
        }
      }
    },
    "hub@latest": {
      "last_modified": "2024-02-10T18:15:24Z",
      "resolved": "github:NixOS/nixpkgs/10b813040df67c4039086db0f6eaf65c536886c6#hub",
      "source": "devbox-search",
      "version": "2022-12-01",
      "systems": {
        "aarch64-darwin": {
          "store_path": "/nix/store/9bdzy2ljrwqvgc5ab12ij3na6brdpz1z-hub-unstable-2022-12-01"
        },
        "aarch64-linux": {
          "store_path": "/nix/store/23k2zls9bxq952rrci9493qzvzjdnlq7-hub-unstable-2022-12-01"
        },
        "x86_64-darwin": {
          "store_path": "/nix/store/91i2klxk34lcwqyaiz5a4q86s3igdfvf-hub-unstable-2022-12-01"
        },
        "x86_64-linux": {
          "store_path": "/nix/store/mf8y0qybdl1zmw88c8h4i2p89f64ga23-hub-unstable-2022-12-01"
        }
      }
    },
    "hyperfine@latest": {
      "last_modified": "2024-02-10T18:15:24Z",
      "resolved": "github:NixOS/nixpkgs/10b813040df67c4039086db0f6eaf65c536886c6#hyperfine",
      "source": "devbox-search",
      "version": "1.18.0",
      "systems": {
        "aarch64-darwin": {
          "store_path": "/nix/store/35iinmxd5r6jcnmgk21m4zcqd2fy3f5b-hyperfine-1.18.0"
        },
        "aarch64-linux": {
          "store_path": "/nix/store/k45ir6qrvzs48hs9zs5lh7jhj3pcjs6q-hyperfine-1.18.0"
        },
        "x86_64-darwin": {
          "store_path": "/nix/store/ywa91a7prszc64f48k04j8kls508hbrp-hyperfine-1.18.0"
        },
        "x86_64-linux": {
          "store_path": "/nix/store/d8r9l2ikkrfb9vgg0zskpb2h3ip9g2ni-hyperfine-1.18.0"
        }
      }
    },
    "jq@latest": {
      "last_modified": "2024-02-22T01:07:56Z",
      "resolved": "github:NixOS/nixpkgs/98b00b6947a9214381112bdb6f89c25498db4959#jq",
      "source": "devbox-search",
      "version": "1.7.1",
      "systems": {
        "aarch64-darwin": {
          "store_path": "/nix/store/k2rjgwfkp5hjbbvxdgsnbgpxf7jv6sgi-jq-1.7.1-bin"
        },
        "aarch64-linux": {
          "store_path": "/nix/store/v987aprwbqv8r14rxrwyzghvdvkka9sp-jq-1.7.1-bin"
        },
        "x86_64-darwin": {
          "store_path": "/nix/store/am3lvjwb84mr3z9vcrkisipszry2dm3f-jq-1.7.1-bin"
        },
        "x86_64-linux": {
          "store_path": "/nix/store/0pvx8malgl8yw5f1bdzxxpjbrg0pa47l-jq-1.7.1-bin"
        }
      }
    },
    "krew@latest": {
      "last_modified": "2024-02-10T18:15:24Z",
      "resolved": "github:NixOS/nixpkgs/10b813040df67c4039086db0f6eaf65c536886c6#krew",
      "source": "devbox-search",
      "version": "0.4.4",
      "systems": {
        "aarch64-darwin": {
          "store_path": "/nix/store/fcsaazw30vsc8h06lzkjfm4pr7g5099x-krew-0.4.4"
        },
        "aarch64-linux": {
          "store_path": "/nix/store/1jx4fxxg8s0h99l4x1hns10pzrvvaqhl-krew-0.4.4"
        },
        "x86_64-darwin": {
          "store_path": "/nix/store/x23inr1sngfy92fc38laslhksw6fb0j8-krew-0.4.4"
        },
        "x86_64-linux": {
          "store_path": "/nix/store/wfy1dabh6lm16ig8f2p58x0pmn73sgla-krew-0.4.4"
        }
      }
    },
    "kubectl@latest": {
      "last_modified": "2024-02-16T04:19:51Z",
      "resolved": "github:NixOS/nixpkgs/5e55f0bb65124b05d0a52e164514c03596023634#kubectl",
      "source": "devbox-search",
      "version": "1.29.2",
      "systems": {
        "aarch64-darwin": {
          "store_path": "/nix/store/cgpr0l3xmldhnzrh850ckx8vb7shynlf-kubectl-1.29.2"
        },
        "aarch64-linux": {
          "store_path": "/nix/store/2lwyw6748w9cfb42i1gnri6dalgc3v1m-kubectl-1.29.2"
        },
        "x86_64-darwin": {
          "store_path": "/nix/store/340hrn8w6242c29p5pvf8j29pp5crpa9-kubectl-1.29.2"
        },
        "x86_64-linux": {
          "store_path": "/nix/store/rv3wg60j7m8c622d2xk44cxwpwdyr26z-kubectl-1.29.2"
        }
      }
    },
    "kubectx@latest": {
      "last_modified": "2024-02-10T18:15:24Z",
      "resolved": "github:NixOS/nixpkgs/10b813040df67c4039086db0f6eaf65c536886c6#kubectx",
      "source": "devbox-search",
      "version": "0.9.5",
      "systems": {
        "aarch64-darwin": {
          "store_path": "/nix/store/7ll7vbsw2nmyvpbrddjay3ia4vlrsh4m-kubectx-0.9.5"
        },
        "aarch64-linux": {
          "store_path": "/nix/store/psyqfm1kfi9lcq5p59y16ll87v0a40yk-kubectx-0.9.5"
        },
        "x86_64-darwin": {
          "store_path": "/nix/store/fvrwbg8h0w4x12n1s5a7dj25y7zcbiin-kubectx-0.9.5"
        },
        "x86_64-linux": {
          "store_path": "/nix/store/3vp7lixmy7ks37hj9cfc7kbpi79jbf0h-kubectx-0.9.5"
        }
      }
    },
    "kubernetes-helm@latest": {
      "last_modified": "2024-02-15T12:53:33Z",
      "resolved": "github:NixOS/nixpkgs/085589047343aad800c4d305cf7b98e8a3d51ae2#kubernetes-helm",
      "source": "devbox-search",
      "version": "3.14.1",
      "systems": {
        "aarch64-darwin": {
          "store_path": "/nix/store/xg8xj4pd6c1cynyyzkwi9qkcj2v2ksg6-kubernetes-helm-3.14.1"
        },
        "aarch64-linux": {
          "store_path": "/nix/store/3nprlrbncvgs8bf411xnwgb2mgr6k4jg-kubernetes-helm-3.14.1"
        },
        "x86_64-darwin": {
          "store_path": "/nix/store/9dqgq61nf65fqmhma7sf905ywlvlbhfn-kubernetes-helm-3.14.1"
        },
        "x86_64-linux": {
          "store_path": "/nix/store/fqyfxm43pp2dfaw5qx17ss77zm7kp5nd-kubernetes-helm-3.14.1"
        }
      }
    },
    "kubernetes-helmPlugins.helm-diff@latest": {
      "last_modified": "2024-02-17T06:30:20Z",
      "resolved": "github:NixOS/nixpkgs/6e2f00c83911461438301db0dba5281197fe4b3a#kubernetes-helmPlugins.helm-diff",
      "source": "devbox-search",
      "version": "3.9.4",
      "systems": {
        "aarch64-darwin": {
          "store_path": "/nix/store/1i7ml6mif8ps390wbn44dhnb1vlpqgkc-helm-diff-3.9.4"
        },
        "aarch64-linux": {
          "store_path": "/nix/store/law3ipav4s1kxrvqy9gcplnpdi4rkqqk-helm-diff-3.9.4"
        },
        "x86_64-darwin": {
          "store_path": "/nix/store/w3rqvq246w3ssdp1dwlvdnsbhkg8ph8x-helm-diff-3.9.4"
        },
        "x86_64-linux": {
          "store_path": "/nix/store/58w1l76yvlhyl5dwh0j7dz8swirmh16f-helm-diff-3.9.4"
        }
      }
    },
    "kustomize@5.1.1": {
      "last_modified": "2023-09-27T18:02:17Z",
      "resolved": "github:NixOS/nixpkgs/517501bcf14ae6ec47efd6a17dda0ca8e6d866f9#kustomize",
      "source": "devbox-search",
      "version": "5.1.1",
      "systems": {
        "aarch64-darwin": {
          "store_path": "/nix/store/rshn719ysm8kbmwlib4328x7v90pl2gg-kustomize-5.1.1"
        },
        "aarch64-linux": {
          "store_path": "/nix/store/akqxwims1didsican8j9hc794nkkf452-kustomize-5.1.1"
        },
        "x86_64-darwin": {
          "store_path": "/nix/store/mbfksqi8icr852cnz2gbhkab42g9l41l-kustomize-5.1.1"
        },
        "x86_64-linux": {
          "store_path": "/nix/store/acky90b1xx3gzgcq4wnvdbr40i49m49y-kustomize-5.1.1"
        }
      }
    },
    "nodePackages.diff2html-cli@latest": {
      "last_modified": "2024-02-24T23:06:34Z",
      "resolved": "github:NixOS/nixpkgs/9a9dae8f6319600fa9aebde37f340975cab4b8c0#nodePackages.diff2html-cli",
      "source": "devbox-search",
      "version": "5.2.15"
    },
    "pipenv@latest": {
      "last_modified": "2024-02-10T18:15:24Z",
      "resolved": "github:NixOS/nixpkgs/10b813040df67c4039086db0f6eaf65c536886c6#pipenv",
      "source": "devbox-search",
      "version": "2023.2.4",
      "systems": {
        "aarch64-darwin": {
          "store_path": "/nix/store/ka4arb02pjc8a4j81bbb2xi0rcrdj7dc-pipenv-2023.2.4"
        },
        "aarch64-linux": {
          "store_path": "/nix/store/anzsp4gf0s62xjc1av3afd1ymswk4znd-pipenv-2023.2.4"
        },
        "x86_64-darwin": {
          "store_path": "/nix/store/138l1rsf3gs0xlfxd88sxi5jfcldzzgh-pipenv-2023.2.4"
        },
        "x86_64-linux": {
          "store_path": "/nix/store/v9ywhm85brqhdmspljym61yiwn8aa1p3-pipenv-2023.2.4"
        }
      }
    },
    "ripgrep@latest": {
      "last_modified": "2024-02-10T18:15:24Z",
      "resolved": "github:NixOS/nixpkgs/10b813040df67c4039086db0f6eaf65c536886c6#ripgrep",
      "source": "devbox-search",
      "version": "14.1.0",
      "systems": {
        "aarch64-darwin": {
          "store_path": "/nix/store/agbdqb8yjnji2p7hc1ckg0q2fq5a7yn5-ripgrep-14.1.0"
        },
        "aarch64-linux": {
          "store_path": "/nix/store/pj1rzax2l8isx2hnf7dq3czyl6jninf7-ripgrep-14.1.0"
        },
        "x86_64-darwin": {
          "store_path": "/nix/store/02vanhivsf6gvslzz3sfdcg80fjp97hy-ripgrep-14.1.0"
        },
        "x86_64-linux": {
          "store_path": "/nix/store/9xpdms5914k3g15961xlm9dr02gkjydm-ripgrep-14.1.0"
        }
      }
    },
    "shellcheck@latest": {
      "last_modified": "2024-02-10T18:15:24Z",
      "resolved": "github:NixOS/nixpkgs/10b813040df67c4039086db0f6eaf65c536886c6#shellcheck",
      "source": "devbox-search",
      "version": "0.9.0",
      "systems": {
        "aarch64-darwin": {
          "store_path": "/nix/store/ffxz2jagc1y2s6ms2fj0jy9h2jph657l-shellcheck-0.9.0-bin"
        },
        "aarch64-linux": {
          "store_path": "/nix/store/g9djag1ypl11p34y82f0fzpw2xd2rpnc-shellcheck-0.9.0-bin"
        },
        "x86_64-darwin": {
          "store_path": "/nix/store/q45hsxc74f0g8n03a9kdrr03lrswrb5m-shellcheck-0.9.0-bin"
        },
        "x86_64-linux": {
          "store_path": "/nix/store/ghg91nwxnxni0s79bdka00w648ph8zhh-shellcheck-0.9.0-bin"
        }
      }
    },
    "sops@latest": {
      "last_modified": "2024-02-10T18:15:24Z",
      "resolved": "github:NixOS/nixpkgs/10b813040df67c4039086db0f6eaf65c536886c6#sops",
      "source": "devbox-search",
      "version": "3.8.1",
      "systems": {
        "aarch64-darwin": {
          "store_path": "/nix/store/ym1fqz665sx6fsb8jbwigmgbfs5pzkg3-sops-3.8.1"
        },
        "aarch64-linux": {
          "store_path": "/nix/store/9qn8kd5gfvh8kbnwbh1l23f2qnji1s8f-sops-3.8.1"
        },
        "x86_64-darwin": {
          "store_path": "/nix/store/h8a3yf4r1dby8rsqg0zjnrgqqab4liyh-sops-3.8.1"
        },
        "x86_64-linux": {
          "store_path": "/nix/store/x0n0hbrl0xsk936b3r42qdzpwix3173v-sops-3.8.1"
        }
      }
    },
    "stern@latest": {
      "last_modified": "2024-02-10T18:15:24Z",
      "resolved": "github:NixOS/nixpkgs/10b813040df67c4039086db0f6eaf65c536886c6#stern",
      "source": "devbox-search",
      "version": "1.28.0",
      "systems": {
        "aarch64-darwin": {
          "store_path": "/nix/store/4y143js73vfqxcdgr8g8k2jfrjrd80wh-stern-1.28.0"
        },
        "aarch64-linux": {
          "store_path": "/nix/store/sj6aw83gxamm2liy42cnpcrfnv8az82f-stern-1.28.0"
        },
        "x86_64-darwin": {
          "store_path": "/nix/store/gr921sprhixizhg08drq75xl62dij9g4-stern-1.28.0"
        },
        "x86_64-linux": {
          "store_path": "/nix/store/8547iqwbp7nws818n2492ydcywdjk81g-stern-1.28.0"
        }
      }
    },
    "terraform@1.5.7": {
      "last_modified": "2023-09-27T18:02:17Z",
      "resolved": "github:NixOS/nixpkgs/517501bcf14ae6ec47efd6a17dda0ca8e6d866f9#terraform",
      "source": "devbox-search",
      "version": "1.5.7",
      "systems": {
        "aarch64-darwin": {
          "store_path": "/nix/store/51mys5fpkl6l6a01s787vby6hhnac5za-terraform-1.5.7"
        },
        "aarch64-linux": {
          "store_path": "/nix/store/5fly2fpyjq4bz92gnnq9zqa8rff728f2-terraform-1.5.7"
        },
        "x86_64-darwin": {
          "store_path": "/nix/store/hny79q0iilqifjdc3fal4dxvk6vsckby-terraform-1.5.7"
        },
        "x86_64-linux": {
          "store_path": "/nix/store/p18ahqp0vj192qwghdszw7q4xxfv7m71-terraform-1.5.7"
        }
      }
    },
    "tflint@latest": {
      "last_modified": "2024-02-10T18:15:24Z",
      "resolved": "github:NixOS/nixpkgs/10b813040df67c4039086db0f6eaf65c536886c6#tflint",
      "source": "devbox-search",
      "version": "0.50.3",
      "systems": {
        "aarch64-darwin": {
          "store_path": "/nix/store/76z6wh5w3l7gz7pxhk4fi666yj16c7ks-tflint-0.50.3"
        },
        "aarch64-linux": {
          "store_path": "/nix/store/ls3af0yf59d75s2zf0br6mclcy0rfhmv-tflint-0.50.3"
        },
        "x86_64-darwin": {
          "store_path": "/nix/store/5d8kzjla5wpnakg64gvd8wx4ss1yxdww-tflint-0.50.3"
        },
        "x86_64-linux": {
          "store_path": "/nix/store/x0dkjnnd366x0milxcspiihaaha7zbv1-tflint-0.50.3"
        }
      }
    },
    "vals@latest": {
      "last_modified": "2024-02-10T18:15:24Z",
      "resolved": "github:NixOS/nixpkgs/10b813040df67c4039086db0f6eaf65c536886c6#vals",
      "source": "devbox-search",
      "version": "0.33.1",
      "systems": {
        "aarch64-darwin": {
          "store_path": "/nix/store/36qnjnxhc0niabwf9znvj4wab602r5l6-vals-0.33.1"
        },
        "aarch64-linux": {
          "store_path": "/nix/store/amq66492nh84fnza0p17xaisxnqvkgk5-vals-0.33.1"
        },
        "x86_64-darwin": {
          "store_path": "/nix/store/w0x6adfrjwpkv2dhhfgvhnvvl6bjphrz-vals-0.33.1"
        },
        "x86_64-linux": {
          "store_path": "/nix/store/nrpjpgykw683a108ymipb0dzs14nnnqa-vals-0.33.1"
        }
      }
    },
    "watch@latest": {
      "last_modified": "2023-02-24T09:01:09Z",
      "resolved": "github:NixOS/nixpkgs/7d0ed7f2e5aea07ab22ccb338d27fbe347ed2f11#watch",
      "source": "devbox-search",
      "version": "3.3.17",
      "systems": {
        "aarch64-darwin": {
          "store_path": "/nix/store/8n0jrrxwk8j71ncsrixajkjiydaarm2y-watch-procps-3.3.17"
        },
        "x86_64-darwin": {
          "store_path": "/nix/store/dh8y47j709rd3b48wflmgk053d1czs3g-watch-procps-3.3.17"
        },
        "x86_64-linux": {
          "store_path": "/nix/store/y560919p80md417rf7bwk8yimrjprj3k-watch-procps-3.3.17"
        }
      }
    },
    "yadm@latest": {
      "last_modified": "2024-02-10T18:15:24Z",
      "resolved": "github:NixOS/nixpkgs/10b813040df67c4039086db0f6eaf65c536886c6#yadm",
      "source": "devbox-search",
      "version": "3.2.2",
      "systems": {
        "aarch64-darwin": {
          "store_path": "/nix/store/mlipvxkd8as2l1imqh9cbdl7d195jcyh-yadm-3.2.2"
        },
        "aarch64-linux": {
          "store_path": "/nix/store/d5wxi754ii3aa785sh67hldlmn5x33bn-yadm-3.2.2"
        },
        "x86_64-darwin": {
          "store_path": "/nix/store/4dyiblf2f4p5bjb7izzp1fas9gachz2f-yadm-3.2.2"
        },
        "x86_64-linux": {
          "store_path": "/nix/store/gk4iq5pbyv85brcbigpam03siwi0sl78-yadm-3.2.2"
        }
      }
    },
    "yq-go@latest": {
      "last_modified": "2024-02-16T14:24:08Z",
      "resolved": "github:NixOS/nixpkgs/c7763249f02b7786b4ca36e13a4d7365cfba162f#yq-go",
      "source": "devbox-search",
      "version": "4.41.1",
      "systems": {
        "aarch64-darwin": {
          "store_path": "/nix/store/d32dcsf1663si20bgxqg6b6xpwazic65-yq-go-4.41.1"
        },
        "aarch64-linux": {
          "store_path": "/nix/store/7317b055cylkdikf9lrrbf1x5lh0szg6-yq-go-4.41.1"
        },
        "x86_64-darwin": {
          "store_path": "/nix/store/qx1gzc34y4ypj6n1w0lnmf1rypyj2ypf-yq-go-4.41.1"
        },
        "x86_64-linux": {
          "store_path": "/nix/store/40hw23x2shfkmk6j8csflicsgcdy97yy-yq-go-4.41.1"
        }
      }
    },
    "zoxide@latest": {
      "last_modified": "2024-02-21T16:29:05Z",
      "resolved": "github:NixOS/nixpkgs/ac4c5a60bebfb783f1106d126b9f39cc8e809e0e#zoxide",
      "source": "devbox-search",
      "version": "0.9.4",
      "systems": {
        "aarch64-darwin": {
          "store_path": "/nix/store/m8kffviq2lrs4gj7z6cwfql1mfw22x0a-zoxide-0.9.4"
        },
        "aarch64-linux": {
          "store_path": "/nix/store/ankj3mf98rdfii5rwjl210rmmnjaps59-zoxide-0.9.4"
        },
        "x86_64-darwin": {
          "store_path": "/nix/store/iw0q88rnvimr980rpmxd0shjd9y6fxp2-zoxide-0.9.4"
        },
        "x86_64-linux": {
          "store_path": "/nix/store/ibq8s2f5cxpxns3qsbn0l296bwp5jvb3-zoxide-0.9.4"
        }
      }
    },
    "zsh-powerlevel10k@latest": {
      "last_modified": "2024-02-10T18:15:24Z",
      "resolved": "github:NixOS/nixpkgs/10b813040df67c4039086db0f6eaf65c536886c6#zsh-powerlevel10k",
      "source": "devbox-search",
      "version": "1.20.0",
      "systems": {
        "aarch64-darwin": {
          "store_path": "/nix/store/l0pqjl7dkhsr0gkbxipb6abpck500rsq-powerlevel10k-1.20.0"
        },
        "aarch64-linux": {
          "store_path": "/nix/store/nz9z3ixpi2rm4509f2wamywlrlw91x2f-powerlevel10k-1.20.0"
        },
        "x86_64-darwin": {
          "store_path": "/nix/store/064c0z8j3896vn3d14qlh663yp7v58h3-powerlevel10k-1.20.0"
        },
        "x86_64-linux": {
          "store_path": "/nix/store/716k2fh2srayp4rm1v7b47n7ag27pn3j-powerlevel10k-1.20.0"
        }
      }
    },
    "zsh@latest": {
      "last_modified": "2024-02-17T16:08:43Z",
      "resolved": "github:NixOS/nixpkgs/52e1f314725b09b354336d17c7b8bd2442b7b8e4#zsh",
      "source": "devbox-search",
      "version": "5.9",
      "systems": {
        "aarch64-darwin": {
          "store_path": "/nix/store/bllgvkgn3pq1c5s1lfxrynk92lhfzfdd-zsh-5.9"
        },
        "aarch64-linux": {
          "store_path": "/nix/store/1plca6lp0qmbg3bkhy42rbcpfyx1md5m-zsh-5.9"
        },
        "x86_64-darwin": {
          "store_path": "/nix/store/a9p6w9iv0lisdgp1wxy1qgk8j1bf6wxs-zsh-5.9"
        },
        "x86_64-linux": {
          "store_path": "/nix/store/kxhl949fqrr9zkncf5hq2m94gi74dck8-zsh-5.9"
        }
      }
    }
  }
}
